// !$*UTF8*$!
{
	archiveVersion = 1;
	classes = {
	};
	objectVersion = 50;
	objects = {

/* Begin PBXBuildFile section */
		CB928DA52557DE5B00DB2D91 /* AppDelegate.swift in Sources */ = {isa = PBXBuildFile; fileRef = CB928DA42557DE5B00DB2D91 /* AppDelegate.swift */; };
		CB928DA72557DE5B00DB2D91 /* SceneDelegate.swift in Sources */ = {isa = PBXBuildFile; fileRef = CB928DA62557DE5B00DB2D91 /* SceneDelegate.swift */; };
		CB928DA92557DE5B00DB2D91 /* ViewController.swift in Sources */ = {isa = PBXBuildFile; fileRef = CB928DA82557DE5B00DB2D91 /* ViewController.swift */; };
		CB928DAC2557DE5B00DB2D91 /* Main.storyboard in Resources */ = {isa = PBXBuildFile; fileRef = CB928DAA2557DE5B00DB2D91 /* Main.storyboard */; };
		CB928DAE2557DE5D00DB2D91 /* Assets.xcassets in Resources */ = {isa = PBXBuildFile; fileRef = CB928DAD2557DE5D00DB2D91 /* Assets.xcassets */; };
		CB928DB12557DE5D00DB2D91 /* LaunchScreen.storyboard in Resources */ = {isa = PBXBuildFile; fileRef = CB928DAF2557DE5D00DB2D91 /* LaunchScreen.storyboard */; };
/* End PBXBuildFile section */

/* Begin PBXFileReference section */
		CB928DA12557DE5B00DB2D91 /* taskapp2.app */ = {isa = PBXFileReference; explicitFileType = wrapper.application; includeInIndex = 0; path = taskapp2.app; sourceTree = BUILT_PRODUCTS_DIR; };
		CB928DA42557DE5B00DB2D91 /* AppDelegate.swift */ = {isa = PBXFileReference; lastKnownFileType = sourcecode.swift; path = AppDelegate.swift; sourceTree = "<group>"; };
		CB928DA62557DE5B00DB2D91 /* SceneDelegate.swift */ = {isa = PBXFileReference; lastKnownFileType = sourcecode.swift; path = SceneDelegate.swift; sourceTree = "<group>"; };
		CB928DA82557DE5B00DB2D91 /* ViewController.swift */ = {isa = PBXFileReference; lastKnownFileType = sourcecode.swift; path = ViewController.swift; sourceTree = "<group>"; };
		CB928DAB2557DE5B00DB2D91 /* Base */ = {isa = PBXFileReference; lastKnownFileType = file.storyboard; name = Base; path = Base.lproj/Main.storyboard; sourceTree = "<group>"; };
		CB928DAD2557DE5D00DB2D91 /* Assets.xcassets */ = {isa = PBXFileReference; lastKnownFileType = folder.assetcatalog; path = Assets.xcassets; sourceTree = "<group>"; };
		CB928DB02557DE5D00DB2D91 /* Base */ = {isa = PBXFileReference; lastKnownFileType = file.storyboard; name = Base; path = Base.lproj/LaunchScreen.storyboard; sourceTree = "<group>"; };
		CB928DB22557DE5D00DB2D91 /* Info.plist */ = {isa = PBXFileReference; lastKnownFileType = text.plist.xml; path = Info.plist; sourceTree = "<group>"; };
/* End PBXFileReference section */

/* Begin PBXFrameworksBuildPhase section */
		CB928D9E2557DE5B00DB2D91 /* Frameworks */ = {
			isa = PBXFrameworksBuildPhase;
			buildActionMask = 2147483647;
			files = (
			);
			runOnlyForDeploymentPostprocessing = 0;
		};
/* End PBXFrameworksBuildPhase section */

/* Begin PBXGroup section */
		CB928D982557DE5B00DB2D91 = {
			isa = PBXGroup;
			children = (
				CB928DA32557DE5B00DB2D91 /* taskapp2 */,
				CB928DA22557DE5B00DB2D91 /* Products */,
			);
			sourceTree = "<group>";
		};
		CB928DA22557DE5B00DB2D91 /* Products */ = {
			isa = PBXGroup;
			children = (
				CB928DA12557DE5B00DB2D91 /* taskapp2.app */,
			);
			name = Products;
			sourceTree = "<group>";
		};
		CB928DA32557DE5B00DB2D91 /* taskapp2 */ = {
			isa = PBXGroup;
			children = (
				CB928DA42557DE5B00DB2D91 /* AppDelegate.swift */,
				CB928DA62557DE5B00DB2D91 /* SceneDelegate.swift */,
				CB928DA82557DE5B00DB2D91 /* ViewController.swift */,
				CB928DAA2557DE5B00DB2D91 /* Main.storyboard */,
				CB928DAD2557DE5D00DB2D91 /* Assets.xcassets */,
				CB928DAF2557DE5D00DB2D91 /* LaunchScreen.storyboard */,
				CB928DB22557DE5D00DB2D91 /* Info.plist */,
			);
			path = taskapp2;
			sourceTree = "<group>";
		};
/* End PBXGroup section */

/* Begin PBXNativeTarget section */
		CB928DA02557DE5B00DB2D91 /* taskapp2 */ = {
			isa = PBXNativeTarget;
			buildConfigurationList = CB928DB52557DE5D00DB2D91 /* Build configuration list for PBXNativeTarget "taskapp2" */;
			buildPhases = (
				CB928D9D2557DE5B00DB2D91 /* Sources */,
				CB928D9E2557DE5B00DB2D91 /* Frameworks */,
				CB928D9F2557DE5B00DB2D91 /* Resources */,
			);
			buildRules = (
			);
			dependencies = (
			);
			name = taskapp2;
			productName = taskapp2;
			productReference = CB928DA12557DE5B00DB2D91 /* taskapp2.app */;
			productType = "com.apple.product-type.application";
		};
/* End PBXNativeTarget section */

/* Begin PBXProject section */
		CB928D992557DE5B00DB2D91 /* Project object */ = {
			isa = PBXProject;
			attributes = {
				LastSwiftUpdateCheck = 1150;
				LastUpgradeCheck = 1150;
				ORGANIZATIONNAME = Yusuke.Murayama;
				TargetAttributes = {
					CB928DA02557DE5B00DB2D91 = {
						CreatedOnToolsVersion = 11.5;
					};
				};
			};
			buildConfigurationList = CB928D9C2557DE5B00DB2D91 /* Build configuration list for PBXProject "taskapp2" */;
			compatibilityVersion = "Xcode 9.3";
			developmentRegion = en;
			hasScannedForEncodings = 0;
			knownRegions = (
				en,
				Base,
			);
			mainGroup = CB928D982557DE5B00DB2D91;
			productRefGroup = CB928DA22557DE5B00DB2D91 /* Products */;
			projectDirPath = "";
			projectRoot = "";
			targets = (
				CB928DA02557DE5B00DB2D91 /* taskapp2 */,
			);
		};
/* End PBXProject section */

/* Begin PBXResourcesBuildPhase section */
		CB928D9F2557DE5B00DB2D91 /* Resources */ = {
			isa = PBXResourcesBuildPhase;
			buildActionMask = 2147483647;
			files = (
				CB928DB12557DE5D00DB2D91 /* LaunchScreen.storyboard in Resources */,
				CB928DAE2557DE5D00DB2D91 /* Assets.xcassets in Resources */,
				CB928DAC2557DE5B00DB2D91 /* Main.storyboard in Resources */,
			);
			runOnlyForDeploymentPostprocessing = 0;
		};
/* End PBXResourcesBuildPhase section */

/* Begin PBXSourcesBuildPhase section */
		CB928D9D2557DE5B00DB2D91 /* Sources */ = {
			isa = PBXSourcesBuildPhase;
			buildActionMask = 2147483647;
			files = (
				CB928DA92557DE5B00DB2D91 /* ViewController.swift in Sources */,
				CB928DA52557DE5B00DB2D91 /* AppDelegate.swift in Sources */,
				CB928DA72557DE5B00DB2D91 /* SceneDelegate.swift in Sources */,
			);
			runOnlyForDeploymentPostprocessing = 0;
		};
/* End PBXSourcesBuildPhase section */

/* Begin PBXVariantGroup section */
		CB928DAA2557DE5B00DB2D91 /* Main.storyboard */ = {
			isa = PBXVariantGroup;
			children = (
				CB928DAB2557DE5B00DB2D91 /* Base */,
			);
			name = Main.storyboard;
			sourceTree = "<group>";
		};
		CB928DAF2557DE5D00DB2D91 /* LaunchScreen.storyboard */ = {
			isa = PBXVariantGroup;
			children = (
				CB928DB02557DE5D00DB2D91 /* Base */,
			);
			name = LaunchScreen.storyboard;
			sourceTree = "<group>";
		};
/* End PBXVariantGroup section */

/* Begin XCBuildConfiguration section */
		CB928DB32557DE5D00DB2D91 /* Debug */ = {
			isa = XCBuildConfiguration;
			buildSettings = {
				ALWAYS_SEARCH_USER_PATHS = NO;
				CLANG_ANALYZER_NONNULL = YES;
				CLANG_ANALYZER_NUMBER_OBJECT_CONVERSION = YES_AGGRESSIVE;
				CLANG_CXX_LANGUAGE_STANDARD = "gnu++14";
				CLANG_CXX_LIBRARY = "libc++";
				CLANG_ENABLE_MODULES = YES;
				CLANG_ENABLE_OBJC_ARC = YES;
				CLANG_ENABLE_OBJC_WEAK = YES;
				CLANG_WARN_BLOCK_CAPTURE_AUTORELEASING = YES;
				CLANG_WARN_BOOL_CONVERSION = YES;
				CLANG_WARN_COMMA = YES;
				CLANG_WARN_CONSTANT_CONVERSION = YES;
				CLANG_WARN_DEPRECATED_OBJC_IMPLEMENTATIONS = YES;
				CLANG_WARN_DIRECT_OBJC_ISA_USAGE = YES_ERROR;
				CLANG_WARN_DOCUMENTATION_COMMENTS = YES;
				CLANG_WARN_EMPTY_BODY = YES;
				CLANG_WARN_ENUM_CONVERSION = YES;
				CLANG_WARN_INFINITE_RECURSION = YES;
				CLANG_WARN_INT_CONVERSION = YES;
				CLANG_WARN_NON_LITERAL_NULL_CONVERSION = YES;
				CLANG_WARN_OBJC_IMPLICIT_RETAIN_SELF = YES;
				CLANG_WARN_OBJC_LITERAL_CONVERSION = YES;
				CLANG_WARN_OBJC_ROOT_CLASS = YES_ERROR;
				CLANG_WARN_RANGE_LOOP_ANALYSIS = YES;
				CLANG_WARN_STRICT_PROTOTYPES = YES;
				CLANG_WARN_SUSPICIOUS_MOVE = YES;
				CLANG_WARN_UNGUARDED_AVAILABILITY = YES_AGGRESSIVE;
				CLANG_WARN_UNREACHABLE_CODE = YES;
				CLANG_WARN__DUPLICATE_METHOD_MATCH = YES;
				COPY_PHASE_STRIP = NO;
				DEBUG_INFORMATION_FORMAT = dwarf;
				ENABLE_STRICT_OBJC_MSGSEND = YES;
				ENABLE_TESTABILITY = YES;
				GCC_C_LANGUAGE_STANDARD = gnu11;
				GCC_DYNAMIC_NO_PIC = NO;
				GCC_NO_COMMON_BLOCKS = YES;
				GCC_OPTIMIZATION_LEVEL = 0;
				GCC_PREPROCESSOR_DEFINITIONS = (
					"DEBUG=1",
					"$(inherited)",
				);
				GCC_WARN_64_TO_32_BIT_CONVERSION = YES;
				GCC_WARN_ABOUT_RETURN_TYPE = YES_ERROR;
				GCC_WARN_UNDECLARED_SELECTOR = YES;
				GCC_WARN_UNINITIALIZED_AUTOS = YES_AGGRESSIVE;
				GCC_WARN_UNUSED_FUNCTION = YES;
				GCC_WARN_UNUSED_VARIABLE = YES;
				IPHONEOS_DEPLOYMENT_TARGET = 13.5;
				MTL_ENABLE_DEBUG_INFO = INCLUDE_SOURCE;
				MTL_FAST_MATH = YES;
				ONLY_ACTIVE_ARCH = YES;
				SDKROOT = iphoneos;
				SWIFT_ACTIVE_COMPILATION_CONDITIONS = DEBUG;
				SWIFT_OPTIMIZATION_LEVEL = "-Onone";
			};
			name = Debug;
		};
		CB928DB42557DE5D00DB2D91 /* Release */ = {
			isa = XCBuildConfiguration;
			buildSettings = {
				ALWAYS_SEARCH_USER_PATHS = NO;
				CLANG_ANALYZER_NONNULL = YES;
				CLANG_ANALYZER_NUMBER_OBJECT_CONVERSION = YES_AGGRESSIVE;
				CLANG_CXX_LANGUAGE_STANDARD = "gnu++14";
				CLANG_CXX_LIBRARY = "libc++";
				CLANG_ENABLE_MODULES = YES;
				CLANG_ENABLE_OBJC_ARC = YES;
				CLANG_ENABLE_OBJC_WEAK = YES;
				CLANG_WARN_BLOCK_CAPTURE_AUTORELEASING = YES;
				CLANG_WARN_BOOL_CONVERSION = YES;
				CLANG_WARN_COMMA = YES;
				CLANG_WARN_CONSTANT_CONVERSION = YES;
				CLANG_WARN_DEPRECATED_OBJC_IMPLEMENTATIONS = YES;
				CLANG_WARN_DIRECT_OBJC_ISA_USAGE = YES_ERROR;
				CLANG_WARN_DOCUMENTATION_COMMENTS = YES;
				CLANG_WARN_EMPTY_BODY = YES;
				CLANG_WARN_ENUM_CONVERSION = YES;
				CLANG_WARN_INFINITE_RECURSION = YES;
				CLANG_WARN_INT_CONVERSION = YES;
				CLANG_WARN_NON_LITERAL_NULL_CONVERSION = YES;
				CLANG_WARN_OBJC_IMPLICIT_RETAIN_SELF = YES;
				CLANG_WARN_OBJC_LITERAL_CONVERSION = YES;
				CLANG_WARN_OBJC_ROOT_CLASS = YES_ERROR;
				CLANG_WARN_RANGE_LOOP_ANALYSIS = YES;
				CLANG_WARN_STRICT_PROTOTYPES = YES;
				CLANG_WARN_SUSPICIOUS_MOVE = YES;
				CLANG_WARN_UNGUARDED_AVAILABILITY = YES_AGGRESSIVE;
				CLANG_WARN_UNREACHABLE_CODE = YES;
				CLANG_WARN__DUPLICATE_METHOD_MATCH = YES;
				COPY_PHASE_STRIP = NO;
				DEBUG_INFORMATION_FORMAT = "dwarf-with-dsym";
				ENABLE_NS_ASSERTIONS = NO;
				ENABLE_STRICT_OBJC_MSGSEND = YES;
				GCC_C_LANGUAGE_STANDARD = gnu11;
				GCC_NO_COMMON_BLOCKS = YES;
				GCC_WARN_64_TO_32_BIT_CONVERSION = YES;
				GCC_WARN_ABOUT_RETURN_TYPE = YES_ERROR;
				GCC_WARN_UNDECLARED_SELECTOR = YES;
				GCC_WARN_UNINITIALIZED_AUTOS = YES_AGGRESSIVE;
				GCC_WARN_UNUSED_FUNCTION = YES;
				GCC_WARN_UNUSED_VARIABLE = YES;
				IPHONEOS_DEPLOYMENT_TARGET = 13.5;
				MTL_ENABLE_DEBUG_INFO = NO;
				MTL_FAST_MATH = YES;
				SDKROOT = iphoneos;
				SWIFT_COMPILATION_MODE = wholemodule;
				SWIFT_OPTIMIZATION_LEVEL = "-O";
				VALIDATE_PRODUCT = YES;
			};
			name = Release;
		};
		CB928DB62557DE5D00DB2D91 /* Debug */ = {
			isa = XCBuildConfiguration;
			buildSettings = {
				ASSETCATALOG_COMPILER_APPICON_NAME = AppIcon;
				CODE_SIGN_STYLE = Automatic;
				DEVELOPMENT_TEAM = YH73XZSZGX;
				INFOPLIST_FILE = taskapp2/Info.plist;
				LD_RUNPATH_SEARCH_PATHS = (
					"$(inherited)",
					"@executable_path/Frameworks",
				);
				PRODUCT_BUNDLE_IDENTIFIER = jp.techacademy.yusuke.murayama.taskapp2;
				PRODUCT_NAME = "$(TARGET_NAME)";
				SWIFT_VERSION = 5.0;
				TARGETED_DEVICE_FAMILY = "1,2";
			};
			name = Debug;
		};
		CB928DB72557DE5D00DB2D91 /* Release */ = {
			isa = XCBuildConfiguration;
			buildSettings = {
				ASSETCATALOG_COMPILER_APPICON_NAME = AppIcon;
				CODE_SIGN_STYLE = Automatic;
				DEVELOPMENT_TEAM = YH73XZSZGX;
				INFOPLIST_FILE = taskapp2/Info.plist;
				LD_RUNPATH_SEARCH_PATHS = (
					"$(inherited)",
					"@executable_path/Frameworks",
				);
				PRODUCT_BUNDLE_IDENTIFIER = jp.techacademy.yusuke.murayama.taskapp2;
				PRODUCT_NAME = "$(TARGET_NAME)";
				SWIFT_VERSION = 5.0;
				TARGETED_DEVICE_FAMILY = "1,2";
			};
			name = Release;
		};
/* End XCBuildConfiguration section */

/* Begin XCConfigurationList section */
		CB928D9C2557DE5B00DB2D91 /* Build configuration list for PBXProject "taskapp2" */ = {
			isa = XCConfigurationList;
			buildConfigurations = (
				CB928DB32557DE5D00DB2D91 /* Debug */,
				CB928DB42557DE5D00DB2D91 /* Release */,
			);
			defaultConfigurationIsVisible = 0;
			defaultConfigurationName = Release;
		};
		CB928DB52557DE5D00DB2D91 /* Build configuration list for PBXNativeTarget "taskapp2" */ = {
			isa = XCConfigurationList;
			buildConfigurations = (
				CB928DB62557DE5D00DB2D91 /* Debug */,
				CB928DB72557DE5D00DB2D91 /* Release */,
			);
			defaultConfigurationIsVisible = 0;
			defaultConfigurationName = Release;
		};
/* End XCConfigurationList section */
	};
	rootObject = CB928D992557DE5B00DB2D91 /* Project object */;
}
